
Microsoft Visual Studio Solution File, Format Version 12.00
# Visual Studio Version 16
VisualStudioVersion = 16.0.31727.386
MinimumVisualStudioVersion = 10.0.40219.1
Project("{9A19103F-16F7-4668-BE54-9A1E7A4F7556}") = "Ficha3_ex1", "Ficha3\Ficha3_ex1.csproj", "{42733E6F-DBC5-427D-BDC6-7178895555E6}"
EndProject
Project("{9A19103F-16F7-4668-BE54-9A1E7A4F7556}") = "Ficha3_ex2", "Ficha3_ex2\Ficha3_ex2.csproj", "{4F6C5832-A6F0-4B49-A3E3-F84F786F5E8E}"
EndProject
Project("{9A19103F-16F7-4668-BE54-9A1E7A4F7556}") = "Ficha3_ex3", "Ficha3_ex3\Ficha3_ex3.csproj", "{35B57289-539F-4CD1-B2AF-44733C353748}"
EndProject
Project("{FAE04EC0-301F-11D3-BF4B-00C04F79EFBC}") = "Ficha3_ex4", "Ficha3_ex4\Ficha3_ex4.csproj", "{1E020573-C58E-40CD-9046-B0E47ABB9012}"
EndProject
Global
	GlobalSection(SolutionConfigurationPlatforms) = preSolution
		Debug|Any CPU = Debug|Any CPU
		Release|Any CPU = Release|Any CPU
	EndGlobalSection
	GlobalSection(ProjectConfigurationPlatforms) = postSolution
		{42733E6F-DBC5-427D-BDC6-7178895555E6}.Debug|Any CPU.ActiveCfg = Debug|Any CPU
		{42733E6F-DBC5-427D-BDC6-7178895555E6}.Debug|Any CPU.Build.0 = Debug|Any CPU
		{42733E6F-DBC5-427D-BDC6-7178895555E6}.Release|Any CPU.ActiveCfg = Release|Any CPU
		{42733E6F-DBC5-427D-BDC6-7178895555E6}.Release|Any CPU.Build.0 = Release|Any CPU
		{4F6C5832-A6F0-4B49-A3E3-F84F786F5E8E}.Debug|Any CPU.ActiveCfg = Debug|Any CPU
		{4F6C5832-A6F0-4B49-A3E3-F84F786F5E8E}.Debug|Any CPU.Build.0 = Debug|Any CPU
		{4F6C5832-A6F0-4B49-A3E3-F84F786F5E8E}.Release|Any CPU.ActiveCfg = Release|Any CPU
		{4F6C5832-A6F0-4B49-A3E3-F84F786F5E8E}.Release|Any CPU.Build.0 = Release|Any CPU
		{35B57289-539F-4CD1-B2AF-44733C353748}.Debug|Any CPU.ActiveCfg = Debug|Any CPU
		{35B57289-539F-4CD1-B2AF-44733C353748}.Debug|Any CPU.Build.0 = Debug|Any CPU
		{35B57289-539F-4CD1-B2AF-44733C353748}.Release|Any CPU.ActiveCfg = Release|Any CPU
		{35B57289-539F-4CD1-B2AF-44733C353748}.Release|Any CPU.Build.0 = Release|Any CPU
		{1E020573-C58E-40CD-9046-B0E47ABB9012}.Debug|Any CPU.ActiveCfg = Debug|Any CPU
		{1E020573-C58E-40CD-9046-B0E47ABB9012}.Debug|Any CPU.Build.0 = Debug|Any CPU
		{1E020573-C58E-40CD-9046-B0E47ABB9012}.Release|Any CPU.ActiveCfg = Release|Any CPU
		{1E020573-C58E-40CD-9046-B0E47ABB9012}.Release|Any CPU.Build.0 = Release|Any CPU
	EndGlobalSection
	GlobalSection(SolutionProperties) = preSolution
		HideSolutionNode = FALSE
	EndGlobalSection
	GlobalSection(ExtensibilityGlobals) = postSolution
		SolutionGuid = {D184AA3F-AF9C-4CCB-814D-98D04E5E3C09}
	EndGlobalSection
EndGlobal
