
Microsoft Visual Studio Solution File, Format Version 12.00
# Visual Studio Version 16
VisualStudioVersion = 16.0.30711.63
MinimumVisualStudioVersion = 10.0.40219.1
Project("{8BC9CEB8-8B4A-11D0-8D11-00A0C91BC942}") = "aula12", "aula12\aula12.vcxproj", "{B00460A3-AB65-4DED-9B75-CD090EC3178D}"
EndProject
Global
	GlobalSection(SolutionConfigurationPlatforms) = preSolution
		Debug|x64 = Debug|x64
		Debug|x86 = Debug|x86
		Release|x64 = Release|x64
		Release|x86 = Release|x86
	EndGlobalSection
	GlobalSection(ProjectConfigurationPlatforms) = postSolution
		{B00460A3-AB65-4DED-9B75-CD090EC3178D}.Debug|x64.ActiveCfg = Debug|x64
		{B00460A3-AB65-4DED-9B75-CD090EC3178D}.Debug|x64.Build.0 = Debug|x64
		{B00460A3-AB65-4DED-9B75-CD090EC3178D}.Debug|x86.ActiveCfg = Debug|Win32
		{B00460A3-AB65-4DED-9B75-CD090EC3178D}.Debug|x86.Build.0 = Debug|Win32
		{B00460A3-AB65-4DED-9B75-CD090EC3178D}.Release|x64.ActiveCfg = Release|x64
		{B00460A3-AB65-4DED-9B75-CD090EC3178D}.Release|x64.Build.0 = Release|x64
		{B00460A3-AB65-4DED-9B75-CD090EC3178D}.Release|x86.ActiveCfg = Release|Win32
		{B00460A3-AB65-4DED-9B75-CD090EC3178D}.Release|x86.Build.0 = Release|Win32
	EndGlobalSection
	GlobalSection(SolutionProperties) = preSolution
		HideSolutionNode = FALSE
	EndGlobalSection
	GlobalSection(ExtensibilityGlobals) = postSolution
		SolutionGuid = {DFDF0DA0-AF42-405A-AA59-0841935E117A}
	EndGlobalSection
EndGlobal
