<?xml version="1.0" encoding="utf-8"?>
<Project ToolsVersion="4.0" xmlns="http://schemas.microsoft.com/developer/msbuild/2003">
  <ItemGroup>
    <Filter Include="Source Files">
      <UniqueIdentifier>{4FC737F1-C7A5-4376-A066-2A32D752A2FF}</UniqueIdentifier>
      <Extensions>cpp;c;cc;cxx;def;odl;idl;hpj;bat;asm;asmx</Extensions>
    </Filter>
    <Filter Include="Header Files">
      <UniqueIdentifier>{93995380-89BD-4b04-88EB-625FBE52EBFB}</UniqueIdentifier>
      <Extensions>h;hh;hpp;hxx;hm;inl;inc;xsd</Extensions>
    </Filter>
    <Filter Include="Resource Files">
      <UniqueIdentifier>{67DA6AB6-F800-4c08-8B7A-83BB121AAD01}</UniqueIdentifier>
      <Extensions>rc;ico;cur;bmp;dlg;rc2;rct;bin;rgs;gif;jpg;jpeg;jpe;resx;tiff;tif;png;wav;mfcribbon-ms</Extensions>
    </Filter>
  </ItemGroup>
  <ItemGroup>
    <ClCompile Include="source.cpp">
      <Filter>Source Files</Filter>
    </ClCompile>
    <ClCompile Include="interface.cpp">
      <Filter>Source Files</Filter>
    </ClCompile>
    <ClCompile Include="logica.cpp">
      <Filter>Source Files</Filter>
    </ClCompile>
    <ClCompile Include="mundo.cpp">
      <Filter>Source Files</Filter>
    </ClCompile>
    <ClCompile Include="imperio.cpp">
      <Filter>Source Files</Filter>
    </ClCompile>
    <ClCompile Include="territorio.cpp">
      <Filter>Source Files</Filter>
    </ClCompile>
    <ClCompile Include="continente.cpp">
      <Filter>Source Files</Filter>
    </ClCompile>
    <ClCompile Include="ilha.cpp">
      <Filter>Source Files</Filter>
    </ClCompile>
    <ClCompile Include="terrinic.cpp">
      <Filter>Source Files</Filter>
    </ClCompile>
    <ClCompile Include="castelo.cpp">
      <Filter>Source Files</Filter>
    </ClCompile>
    <ClCompile Include="planicie.cpp">
      <Filter>Source Files</Filter>
    </ClCompile>
    <ClCompile Include="montanha.cpp">
      <Filter>Source Files</Filter>
    </ClCompile>
    <ClCompile Include="fortaleza.cpp">
      <Filter>Source Files</Filter>
    </ClCompile>
    <ClCompile Include="mina.cpp">
      <Filter>Source Files</Filter>
    </ClCompile>
    <ClCompile Include="duna.cpp">
      <Filter>Source Files</Filter>
    </ClCompile>
    <ClCompile Include="refpiratas.cpp">
      <Filter>Source Files</Filter>
    </ClCompile>
    <ClCompile Include="pescaria.cpp">
      <Filter>Source Files</Filter>
    </ClCompile>
    <ClCompile Include="Guarda.cpp">
      <Filter>Source Files</Filter>
    </ClCompile>
  </ItemGroup>
  <ItemGroup>
    <ClInclude Include="interface.h">
      <Filter>Header Files</Filter>
    </ClInclude>
    <ClInclude Include="logica.h">
      <Filter>Header Files</Filter>
    </ClInclude>
    <ClInclude Include="mundo.h">
      <Filter>Header Files</Filter>
    </ClInclude>
    <ClInclude Include="imperio.h">
      <Filter>Header Files</Filter>
    </ClInclude>
    <ClInclude Include="territorio.h">
      <Filter>Header Files</Filter>
    </ClInclude>
    <ClInclude Include="continente.h">
      <Filter>Header Files</Filter>
    </ClInclude>
    <ClInclude Include="ilha.h">
      <Filter>Header Files</Filter>
    </ClInclude>
    <ClInclude Include="terrnic.h">
      <Filter>Header Files</Filter>
    </ClInclude>
    <ClInclude Include="castelo.h">
      <Filter>Header Files</Filter>
    </ClInclude>
    <ClInclude Include="planicie.h">
      <Filter>Header Files</Filter>
    </ClInclude>
    <ClInclude Include="montanha.h">
      <Filter>Header Files</Filter>
    </ClInclude>
    <ClInclude Include="fortaleza.h">
      <Filter>Header Files</Filter>
    </ClInclude>
    <ClInclude Include="mina.h">
      <Filter>Header Files</Filter>
    </ClInclude>
    <ClInclude Include="duna.h">
      <Filter>Header Files</Filter>
    </ClInclude>
    <ClInclude Include="refpiratas.h">
      <Filter>Header Files</Filter>
    </ClInclude>
    <ClInclude Include="pescaria.h">
      <Filter>Header Files</Filter>
    </ClInclude>
    <ClInclude Include="Guarda.h">
      <Filter>Header Files</Filter>
    </ClInclude>
  </ItemGroup>
</Project>